{
  "name": "valid-js-variable",
  "version": "1.0.0",
  "lockfileVersion": 1,
  "requires": true,
  "dependencies": {
    "unicode-12.0.0": {
      "version": "0.7.9",
      "resolved": "http://registry.npm.taobao.org/unicode-12.0.0/download/unicode-12.0.0-0.7.9.tgz",
      "integrity": "sha1-1sTSmHKEajLJ6FYl59Mn8vCnMY8="
    }
  }
}
